# This file is automatically @generated by Cargo.
# It is not intended for manual editing.
version = 3

[[package]]
name = "anyhow"
version = "1.0.95"
source = "registry+https://github.com/rust-lang/crates.io-index"
checksum = "34ac096ce696dc2fcabef30516bb13c0a68a11d30131d3df6f04711467681b04"

[[package]]
name = "atty"
version = "0.2.14"
source = "registry+https://github.com/rust-lang/crates.io-index"
checksum = "d9b39be18770d11421cdb1b9947a45dd3f37e93092cbf377614828a319d5fee8"
dependencies = [
 "hermit-abi",
 "libc",
 "winapi",
]

[[package]]
name = "bitflags"
version = "2.6.0"
source = "registry+https://github.com/rust-lang/crates.io-index"
checksum = "b048fb63fd8b5923fc5aa7b340d8e156aec7ec02f0c78fa8a6ddc2613f6f71de"

[[package]]
name = "byteorder"
version = "1.5.0"
source = "registry+https://github.com/rust-lang/crates.io-index"
checksum = "1fd0f2584146f6f2ef48085050886acf353beff7305ebd1ae69500e27c67f64b"

[[package]]
name = "cssparser"
version = "0.34.0"
source = "registry+https://github.com/rust-lang/crates.io-index"
checksum = "b7c66d1cd8ed61bf80b38432613a7a2f09401ab8d0501110655f8b341484a3e3"
dependencies = [
 "cssparser-macros",
 "dtoa-short",
 "itoa",
 "phf",
 "smallvec",
]

[[package]]
name = "cssparser-macros"
version = "0.6.1"
source = "registry+https://github.com/rust-lang/crates.io-index"
checksum = "13b588ba4ac1a99f7f2964d24b3d896ddc6bf847ee3855dbd4366f058cfcd331"
dependencies = [
 "quote",
 "syn 2.0.93",
]

[[package]]
name = "derive_more"
version = "0.99.18"
source = "registry+https://github.com/rust-lang/crates.io-index"
checksum = "5f33878137e4dafd7fa914ad4e259e18a4e8e532b9617a2d0150262bf53abfce"
dependencies = [
 "proc-macro2",
 "quote",
 "syn 2.0.93",
]

[[package]]
name = "dtoa"
version = "1.0.9"
source = "registry+https://github.com/rust-lang/crates.io-index"
checksum = "dcbb2bf8e87535c23f7a8a321e364ce21462d0ff10cb6407820e8e96dfff6653"

[[package]]
name = "dtoa-short"
version = "0.3.5"
source = "registry+https://github.com/rust-lang/crates.io-index"
checksum = "cd1511a7b6a56299bd043a9c167a6d2bfb37bf84a6dfceaba651168adfb43c87"
dependencies = [
 "dtoa",
]

[[package]]
name = "equivalent"
version = "1.0.1"
source = "registry+https://github.com/rust-lang/crates.io-index"
checksum = "5443807d6dff69373d433ab9ef5378ad8df50ca6298caf15de6e52e24aaf54d5"

[[package]]
name = "fxhash"
version = "0.2.1"
source = "registry+https://github.com/rust-lang/crates.io-index"
checksum = "c31b6d751ae2c7f11320402d34e41349dd1016f8d5d45e48c4312bc8625af50c"
dependencies = [
 "byteorder",
]

[[package]]
name = "gumdrop"
version = "0.8.1"
source = "registry+https://github.com/rust-lang/crates.io-index"
checksum = "5bc700f989d2f6f0248546222d9b4258f5b02a171a431f8285a81c08142629e3"
dependencies = [
 "gumdrop_derive",
]

[[package]]
name = "gumdrop_derive"
version = "0.8.1"
source = "registry+https://github.com/rust-lang/crates.io-index"
checksum = "729f9bd3449d77e7831a18abfb7ba2f99ee813dfd15b8c2167c9a54ba20aa99d"
dependencies = [
 "proc-macro2",
 "quote",
 "syn 1.0.109",
]

[[package]]
name = "hashbrown"
version = "0.15.2"
source = "registry+https://github.com/rust-lang/crates.io-index"
checksum = "bf151400ff0baff5465007dd2f3e717f3fe502074ca563069ce3a6629d07b289"

[[package]]
name = "hermit-abi"
version = "0.1.19"
source = "registry+https://github.com/rust-lang/crates.io-index"
checksum = "62b467343b94ba476dcb2500d242dadbb39557df889310ac77c5d99100aaac33"
dependencies = [
 "libc",
]

[[package]]
name = "indexmap"
version = "2.7.0"
source = "registry+https://github.com/rust-lang/crates.io-index"
checksum = "62f822373a4fe84d4bb149bf54e584a7f4abec90e072ed49cda0edea5b95471f"
dependencies = [
 "equivalent",
 "hashbrown",
]

[[package]]
name = "itoa"
version = "1.0.14"
source = "registry+https://github.com/rust-lang/crates.io-index"
checksum = "d75a2a4b1b190afb6f5425f10f6a8f959d2ea0b9c2b1d79553551850539e4674"

[[package]]
name = "libc"
version = "0.2.169"
source = "registry+https://github.com/rust-lang/crates.io-index"
checksum = "b5aba8db14291edd000dfcc4d620c7ebfb122c613afb886ca8803fa4e128a20a"

[[package]]
name = "log"
version = "0.4.22"
source = "registry+https://github.com/rust-lang/crates.io-index"
checksum = "a7a70ba024b9dc04c27ea2f0c0548feb474ec5c54bba33a7f72f873a39d07b24"

[[package]]
name = "matches"
version = "0.1.10"
source = "registry+https://github.com/rust-lang/crates.io-index"
checksum = "2532096657941c2fea9c289d370a250971c689d4f143798ff67113ec042024a5"

[[package]]
name = "memchr"
version = "2.7.4"
source = "registry+https://github.com/rust-lang/crates.io-index"
checksum = "78ca9ab1a0babb1e7d5695e3530886289c18cf2f87ec19a575a0abdce112e3a3"

[[package]]
name = "new_debug_unreachable"
version = "1.0.6"
source = "registry+https://github.com/rust-lang/crates.io-index"
checksum = "650eef8c711430f1a879fdd01d4745a7deea475becfb90269c06775983bbf086"

[[package]]
name = "once_cell"
version = "1.20.2"
source = "registry+https://github.com/rust-lang/crates.io-index"
checksum = "1261fe7e33c73b354eab43b1273a57c8f967d0391e80353e51f764ac02cf6775"

[[package]]
name = "phf"
version = "0.11.2"
source = "registry+https://github.com/rust-lang/crates.io-index"
checksum = "ade2d8b8f33c7333b51bcf0428d37e217e9f32192ae4772156f65063b8ce03dc"
dependencies = [
 "phf_macros",
 "phf_shared",
]

[[package]]
name = "phf_codegen"
version = "0.11.2"
source = "registry+https://github.com/rust-lang/crates.io-index"
checksum = "e8d39688d359e6b34654d328e262234662d16cc0f60ec8dcbe5e718709342a5a"
dependencies = [
 "phf_generator",
 "phf_shared",
]

[[package]]
name = "phf_generator"
version = "0.11.2"
source = "registry+https://github.com/rust-lang/crates.io-index"
checksum = "48e4cc64c2ad9ebe670cb8fd69dd50ae301650392e81c05f9bfcb2d5bdbc24b0"
dependencies = [
 "phf_shared",
 "rand",
]

[[package]]
name = "phf_macros"
version = "0.11.2"
source = "registry+https://github.com/rust-lang/crates.io-index"
checksum = "3444646e286606587e49f3bcf1679b8cef1dc2c5ecc29ddacaffc305180d464b"
dependencies = [
 "phf_generator",
 "phf_shared",
 "proc-macro2",
 "quote",
 "syn 2.0.93",
]

[[package]]
name = "phf_shared"
version = "0.11.2"
source = "registry+https://github.com/rust-lang/crates.io-index"
checksum = "90fcb95eef784c2ac79119d1dd819e162b5da872ce6f3c3abe1e8ca1c082f72b"
dependencies = [
 "siphasher",
]

[[package]]
name = "pin-project-lite"
version = "0.2.15"
source = "registry+https://github.com/rust-lang/crates.io-index"
checksum = "915a1e146535de9163f3987b8944ed8cf49a18bb0056bcebcdcece385cece4ff"

[[package]]
name = "precomputed-hash"
version = "0.1.1"
source = "registry+https://github.com/rust-lang/crates.io-index"
checksum = "925383efa346730478fb4838dbe9137d2a47675ad789c546d150a6e1dd4ab31c"

[[package]]
name = "proc-macro2"
version = "1.0.92"
source = "registry+https://github.com/rust-lang/crates.io-index"
checksum = "37d3544b3f2748c54e147655edb5025752e2303145b5aefb3c3ea2c78b973bb0"
dependencies = [
 "unicode-ident",
]

[[package]]
name = "qname"
version = "0.2.0"
source = "registry+https://github.com/rust-lang/crates.io-index"
checksum = "880d862f2b38132ec256f97656d75c20660ddc022cc331243c0dc9a6d4baf58b"
dependencies = [
 "qname-impl",
 "qname-macro",
]

[[package]]
name = "qname-impl"
version = "0.2.0"
source = "registry+https://github.com/rust-lang/crates.io-index"
checksum = "fb49026af6c7195e13fa125ec64b347c4339d02e58a6518e302075671a7eb9ea"
dependencies = [
 "proc-macro2",
 "quote",
 "syn 1.0.109",
]

[[package]]
name = "qname-macro"
version = "0.2.0"
source = "registry+https://github.com/rust-lang/crates.io-index"
checksum = "cd8adf7c03d96a385a8b81ee2e9efc636f80ab19bc9c9587b8e1281a31cc170c"
dependencies = [
 "proc-macro2",
 "qname-impl",
 "quote",
 "syn 1.0.109",
]

[[package]]
name = "quick-xml"
version = "0.37.2"
source = "registry+https://github.com/rust-lang/crates.io-index"
checksum = "165859e9e55f79d67b96c5d96f4e88b6f2695a1972849c15a6a3f5c59fc2c003"
dependencies = [
 "memchr",
]

[[package]]
name = "quote"
version = "1.0.38"
source = "registry+https://github.com/rust-lang/crates.io-index"
checksum = "0e4dccaaaf89514f546c693ddc140f729f958c247918a13380cccc6078391acc"
dependencies = [
 "proc-macro2",
]

[[package]]
name = "rand"
version = "0.8.5"
source = "registry+https://github.com/rust-lang/crates.io-index"
checksum = "34af8d1a0e25924bc5b7c43c079c942339d8f0a8b57c39049bef581b46327404"
dependencies = [
 "rand_core",
]

[[package]]
name = "rand_core"
version = "0.6.4"
source = "registry+https://github.com/rust-lang/crates.io-index"
checksum = "ec0be4795e2f6a28069bec0b5ff3e2ac9bafc99e6a9a7dc3547996c5c816922c"

[[package]]
name = "selectors"
version = "0.26.0"
source = "registry+https://github.com/rust-lang/crates.io-index"
checksum = "fd568a4c9bb598e291a08244a5c1f5a8a6650bee243b5b0f8dbb3d9cc1d87fe8"
dependencies = [
 "bitflags",
 "cssparser",
 "derive_more",
 "fxhash",
 "log",
 "new_debug_unreachable",
 "phf",
 "phf_codegen",
 "precomputed-hash",
 "servo_arc",
 "smallvec",
]

[[package]]
name = "servo_arc"
version = "0.4.0"
source = "registry+https://github.com/rust-lang/crates.io-index"
checksum = "ae65c4249478a2647db249fb43e23cec56a2c8974a427e7bd8cb5a1d0964921a"
dependencies = [
 "stable_deref_trait",
]

[[package]]
name = "siphasher"
version = "0.3.11"
source = "registry+https://github.com/rust-lang/crates.io-index"
checksum = "38b58827f4464d87d377d175e90bf58eb00fd8716ff0a62f80356b5e61555d0d"

[[package]]
name = "slotmap"
version = "1.0.7"
source = "registry+https://github.com/rust-lang/crates.io-index"
checksum = "dbff4acf519f630b3a3ddcfaea6c06b42174d9a44bc70c620e9ed1649d58b82a"
dependencies = [
 "version_check",
]

[[package]]
name = "smallvec"
version = "1.13.2"
source = "registry+https://github.com/rust-lang/crates.io-index"
checksum = "3c5e1a9a646d36c3599cd173a41282daf47c44583ad367b8e6837255952e5c67"

[[package]]
name = "stable_deref_trait"
version = "1.2.0"
source = "registry+https://github.com/rust-lang/crates.io-index"
checksum = "a8f112729512f8e442d81f95a8a7ddf2b7c6b8a1a6f509a95864142b30cab2d3"

[[package]]
name = "syn"
version = "1.0.109"
source = "registry+https://github.com/rust-lang/crates.io-index"
checksum = "72b64191b275b66ffe2469e8af2c1cfe3bafa67b529ead792a6d0160888b4237"
dependencies = [
 "proc-macro2",
 "quote",
 "unicode-ident",
]

[[package]]
name = "syn"
version = "2.0.93"
source = "registry+https://github.com/rust-lang/crates.io-index"
checksum = "9c786062daee0d6db1132800e623df74274a0a87322d8e183338e01b3d98d058"
dependencies = [
 "proc-macro2",
 "quote",
 "unicode-ident",
]

[[package]]
name = "tracing"
version = "0.1.41"
source = "registry+https://github.com/rust-lang/crates.io-index"
checksum = "784e0ac535deb450455cbfa28a6f0df145ea1bb7ae51b821cf5e7927fdcfbdd0"
dependencies = [
 "pin-project-lite",
 "tracing-attributes",
 "tracing-core",
]

[[package]]
name = "tracing-attributes"
version = "0.1.28"
source = "registry+https://github.com/rust-lang/crates.io-index"
checksum = "395ae124c09f9e6918a2310af6038fba074bcf474ac352496d5910dd59a2226d"
dependencies = [
 "proc-macro2",
 "quote",
 "syn 2.0.93",
]

[[package]]
name = "tracing-core"
version = "0.1.33"
source = "registry+https://github.com/rust-lang/crates.io-index"
checksum = "e672c95779cf947c5311f83787af4fa8fffd12fb27e4993211a84bdfd9610f9c"
dependencies = [
 "once_cell",
]

[[package]]
name = "unic-char-property"
version = "0.9.0"
source = "registry+https://github.com/rust-lang/crates.io-index"
checksum = "a8c57a407d9b6fa02b4795eb81c5b6652060a15a7903ea981f3d723e6c0be221"
dependencies = [
 "unic-char-range",
]

[[package]]
name = "unic-char-range"
version = "0.9.0"
source = "registry+https://github.com/rust-lang/crates.io-index"
checksum = "0398022d5f700414f6b899e10b8348231abf9173fa93144cbc1a43b9793c1fbc"

[[package]]
name = "unic-common"
version = "0.9.0"
source = "registry+https://github.com/rust-lang/crates.io-index"
checksum = "80d7ff825a6a654ee85a63e80f92f054f904f21e7d12da4e22f9834a4aaa35bc"

[[package]]
name = "unic-ucd"
version = "0.9.0"
source = "registry+https://github.com/rust-lang/crates.io-index"
checksum = "625b18f7601e1127504a20ae731dc3c7826d0e86d5f7fe3434f8137669240efd"
dependencies = [
 "unic-ucd-age",
 "unic-ucd-bidi",
 "unic-ucd-block",
 "unic-ucd-case",
 "unic-ucd-category",
 "unic-ucd-common",
 "unic-ucd-hangul",
 "unic-ucd-ident",
 "unic-ucd-name",
 "unic-ucd-name_aliases",
 "unic-ucd-normal",
 "unic-ucd-segment",
 "unic-ucd-version",
]

[[package]]
name = "unic-ucd-age"
version = "0.9.0"
source = "registry+https://github.com/rust-lang/crates.io-index"
checksum = "6c8cfdfe71af46b871dc6af2c24fcd360e2f3392ee4c5111877f2947f311671c"
dependencies = [
 "unic-char-property",
 "unic-char-range",
 "unic-ucd-version",
]

[[package]]
name = "unic-ucd-bidi"
version = "0.9.0"
source = "registry+https://github.com/rust-lang/crates.io-index"
checksum = "d1d568b51222484e1f8209ce48caa6b430bf352962b877d592c29ab31fb53d8c"
dependencies = [
 "unic-char-property",
 "unic-char-range",
 "unic-ucd-version",
]

[[package]]
name = "unic-ucd-block"
version = "0.9.0"
source = "registry+https://github.com/rust-lang/crates.io-index"
checksum = "6b2a16f2d7ecd25325a1053ca5a66e7fa1b68911a65c5e97f8d2e1b236b6f1d7"
dependencies = [
 "unic-char-property",
 "unic-char-range",
 "unic-ucd-version",
]

[[package]]
name = "unic-ucd-case"
version = "0.9.0"
source = "registry+https://github.com/rust-lang/crates.io-index"
checksum = "3d98d6246a79bac6cf66beee01422bda7c882e11d837fa4969bfaaba5fdea6d3"
dependencies = [
 "unic-char-property",
 "unic-char-range",
 "unic-ucd-version",
]

[[package]]
name = "unic-ucd-category"
version = "0.9.0"
source = "registry+https://github.com/rust-lang/crates.io-index"
checksum = "1b8d4591f5fcfe1bd4453baaf803c40e1b1e69ff8455c47620440b46efef91c0"
dependencies = [
 "matches",
 "unic-char-property",
 "unic-char-range",
 "unic-ucd-version",
]

[[package]]
name = "unic-ucd-common"
version = "0.9.0"
source = "registry+https://github.com/rust-lang/crates.io-index"
checksum = "e9b78b910beafa1aae5c59bf00877c6cece1c5db28a1241ad801e86cecdff4ad"
dependencies = [
 "unic-char-property",
 "unic-char-range",
 "unic-ucd-version",
]

[[package]]
name = "unic-ucd-hangul"
version = "0.9.0"
source = "registry+https://github.com/rust-lang/crates.io-index"
checksum = "eb1dc690e19010e1523edb9713224cba5ef55b54894fe33424439ec9a40c0054"
dependencies = [
 "unic-ucd-version",
]

[[package]]
name = "unic-ucd-ident"
version = "0.9.0"
source = "registry+https://github.com/rust-lang/crates.io-index"
checksum = "e230a37c0381caa9219d67cf063aa3a375ffed5bf541a452db16e744bdab6987"
dependencies = [
 "unic-char-property",
 "unic-char-range",
 "unic-ucd-version",
]

[[package]]
name = "unic-ucd-name"
version = "0.9.0"
source = "registry+https://github.com/rust-lang/crates.io-index"
checksum = "9c8fc55a45b2531089dc1773bf60c1f104b38e434b774ffc37b9c29a9b0f492e"
dependencies = [
 "unic-char-property",
 "unic-ucd-hangul",
 "unic-ucd-version",
]

[[package]]
name = "unic-ucd-name_aliases"
version = "0.9.0"
source = "registry+https://github.com/rust-lang/crates.io-index"
checksum = "6b7674212643087699ba247a63dd05f1204c7e4880ec9342e545a7cffcc6a46f"
dependencies = [
 "unic-char-property",
 "unic-ucd-version",
]

[[package]]
name = "unic-ucd-normal"
version = "0.9.0"
source = "registry+https://github.com/rust-lang/crates.io-index"
checksum = "86aed873b8202d22b13859dda5fe7c001d271412c31d411fd9b827e030569410"
dependencies = [
 "unic-char-property",
 "unic-char-range",
 "unic-ucd-category",
 "unic-ucd-hangul",
 "unic-ucd-version",
]

[[package]]
name = "unic-ucd-segment"
version = "0.9.0"
source = "registry+https://github.com/rust-lang/crates.io-index"
checksum = "2079c122a62205b421f499da10f3ee0f7697f012f55b675e002483c73ea34700"
dependencies = [
 "unic-char-property",
 "unic-char-range",
 "unic-ucd-version",
]

[[package]]
name = "unic-ucd-version"
version = "0.9.0"
source = "registry+https://github.com/rust-lang/crates.io-index"
checksum = "96bd2f2237fe450fcd0a1d2f5f4e91711124f7857ba2e964247776ebeeb7b0c4"
dependencies = [
 "unic-common",
]

[[package]]
name = "unicode-ident"
version = "1.0.14"
source = "registry+https://github.com/rust-lang/crates.io-index"
checksum = "adb9e6ca4f869e1180728b7950e35922a7fc6397f7b641499e8f3ef06e50dc83"

[[package]]
name = "version_check"
version = "0.9.5"
source = "registry+https://github.com/rust-lang/crates.io-index"
checksum = "0b928f33d975fc6ad9f86c8f283853ad26bdd5b10b7f1542aa2fa15e2289105a"

[[package]]
name = "winapi"
version = "0.3.9"
source = "registry+https://github.com/rust-lang/crates.io-index"
checksum = "5c839a674fcd7a98952e593242ea400abe93992746761e38641405d28b00f419"
dependencies = [
 "winapi-i686-pc-windows-gnu",
 "winapi-x86_64-pc-windows-gnu",
]

[[package]]
name = "winapi-i686-pc-windows-gnu"
version = "0.4.0"
source = "registry+https://github.com/rust-lang/crates.io-index"
checksum = "ac3b87c63620426dd9b991e5ce0329eff545bccbbb34f3be09ff6fb6ab51b7b6"

[[package]]
name = "winapi-x86_64-pc-windows-gnu"
version = "0.4.0"
source = "registry+https://github.com/rust-lang/crates.io-index"
checksum = "712e227841d057c1ee1cd2fb22fa7e5a5461ae8e48fa2ca79ec42cfc1931183f"

[[package]]
name = "xml-pretty"
version = "0.2.3"
dependencies = [
 "anyhow",
 "atty",
 "gumdrop",
 "xmlem",
]

[[package]]
name = "xmlem"
version = "0.3.0"
source = "registry+https://github.com/rust-lang/crates.io-index"
checksum = "9ec151e8582908c472c48795a0e77b441be45962efc69fc26f4039bc9909180b"
dependencies = [
 "cssparser",
 "indexmap",
 "once_cell",
 "precomputed-hash",
 "qname",
 "quick-xml",
 "selectors",
 "slotmap",
 "tracing",
 "unic-ucd",
]
